
Microsoft Visual Studio Solution File, Format Version 12.00
# Visual Studio Version 17
VisualStudioVersion = 17.1.32421.90
MinimumVisualStudioVersion = 10.0.40219.1
Project("{FAE04EC0-301F-11D3-BF4B-00C04F79EFBC}") = "15.feladat", "15.feladat\15.feladat.csproj", "{0DD41D52-892E-4340-B212-A3EE8F0D6709}"
EndProject
Global
	GlobalSection(SolutionConfigurationPlatforms) = preSolution
		Debug|Any CPU = Debug|Any CPU
		Release|Any CPU = Release|Any CPU
	EndGlobalSection
	GlobalSection(ProjectConfigurationPlatforms) = postSolution
		{0DD41D52-892E-4340-B212-A3EE8F0D6709}.Debug|Any CPU.ActiveCfg = Debug|Any CPU
		{0DD41D52-892E-4340-B212-A3EE8F0D6709}.Debug|Any CPU.Build.0 = Debug|Any CPU
		{0DD41D52-892E-4340-B212-A3EE8F0D6709}.Release|Any CPU.ActiveCfg = Release|Any CPU
		{0DD41D52-892E-4340-B212-A3EE8F0D6709}.Release|Any CPU.Build.0 = Release|Any CPU
	EndGlobalSection
	GlobalSection(SolutionProperties) = preSolution
		HideSolutionNode = FALSE
	EndGlobalSection
	GlobalSection(ExtensibilityGlobals) = postSolution
		SolutionGuid = {0AB70D9A-EF8C-4A44-8E89-7D2A0CA81BC5}
	EndGlobalSection
EndGlobal
